{
  "lockfileVersion": 1,
  "configVersion": 1,
  "workspaces": {
    "": {
      "dependencies": {
        "@opencode-ai/plugin": "1.1.8",
      },
    },
  },
  "packages": {
    "@opencode-ai/plugin": ["@opencode-ai/plugin@1.1.8", "", { "dependencies": { "@opencode-ai/sdk": "1.1.8", "zod": "4.1.8" } }, "sha512-d+eL4PMZo4hOOxyY1nqSM5iJMPnOxS1F3jLwFv4iuuW4+s0sf9dOU/VqpnuQw0lalH1Pz8N5e+7pHGAFQqk0bg=="],

    "@opencode-ai/sdk": ["@opencode-ai/sdk@1.1.8", "", {}, "sha512-N/02945tafTFN1FjlGCWO++dErtNyWaYOdARPifuL4nSsxTk2XtqZ2naZ28rj8kekjYR8JX1MA5upNEqwztOZA=="],

    "zod": ["zod@4.1.8", "", {}, "sha512-5R1P+WwQqmmMIEACyzSvo4JXHY5WiAFHRMg+zBZKgKS+Q1viRa0C1hmUKtHltoIFKtIdki3pRxkmpP74jnNYHQ=="],
  }
}
